
Microsoft Visual Studio Solution File, Format Version 12.00
# Visual Studio Version 17
VisualStudioVersion = 17.7.34202.233
MinimumVisualStudioVersion = 10.0.40219.1
Project("{8BC9CEB8-8B4A-11D0-8D11-00A0C91BC942}") = "Task 2.1", "Task 2.1.vcxproj", "{B4028DCF-90EC-472B-88E5-0416FCB7BDC8}"
EndProject
Global
	GlobalSection(SolutionConfigurationPlatforms) = preSolution
		Debug|x64 = Debug|x64
		Debug|x86 = Debug|x86
		Release|x64 = Release|x64
		Release|x86 = Release|x86
	EndGlobalSection
	GlobalSection(ProjectConfigurationPlatforms) = postSolution
		{B4028DCF-90EC-472B-88E5-0416FCB7BDC8}.Debug|x64.ActiveCfg = Debug|x64
		{B4028DCF-90EC-472B-88E5-0416FCB7BDC8}.Debug|x64.Build.0 = Debug|x64
		{B4028DCF-90EC-472B-88E5-0416FCB7BDC8}.Debug|x86.ActiveCfg = Debug|Win32
		{B4028DCF-90EC-472B-88E5-0416FCB7BDC8}.Debug|x86.Build.0 = Debug|Win32
		{B4028DCF-90EC-472B-88E5-0416FCB7BDC8}.Release|x64.ActiveCfg = Release|x64
		{B4028DCF-90EC-472B-88E5-0416FCB7BDC8}.Release|x64.Build.0 = Release|x64
		{B4028DCF-90EC-472B-88E5-0416FCB7BDC8}.Release|x86.ActiveCfg = Release|Win32
		{B4028DCF-90EC-472B-88E5-0416FCB7BDC8}.Release|x86.Build.0 = Release|Win32
	EndGlobalSection
	GlobalSection(SolutionProperties) = preSolution
		HideSolutionNode = FALSE
	EndGlobalSection
	GlobalSection(ExtensibilityGlobals) = postSolution
		SolutionGuid = {98E8C035-1A7A-4B84-B25E-93D02FD7F79B}
	EndGlobalSection
EndGlobal
