
Microsoft Visual Studio Solution File, Format Version 12.00
# Visual Studio Version 17
VisualStudioVersion = 17.8.34309.116
MinimumVisualStudioVersion = 10.0.40219.1
Project("{8BC9CEB8-8B4A-11D0-8D11-00A0C91BC942}") = "Task 1.7", "Task 1.7.vcxproj", "{F242D193-4D94-4FEA-B479-F4C7E818D442}"
EndProject
Global
	GlobalSection(SolutionConfigurationPlatforms) = preSolution
		Debug|x64 = Debug|x64
		Debug|x86 = Debug|x86
		Release|x64 = Release|x64
		Release|x86 = Release|x86
	EndGlobalSection
	GlobalSection(ProjectConfigurationPlatforms) = postSolution
		{F242D193-4D94-4FEA-B479-F4C7E818D442}.Debug|x64.ActiveCfg = Debug|x64
		{F242D193-4D94-4FEA-B479-F4C7E818D442}.Debug|x64.Build.0 = Debug|x64
		{F242D193-4D94-4FEA-B479-F4C7E818D442}.Debug|x86.ActiveCfg = Debug|Win32
		{F242D193-4D94-4FEA-B479-F4C7E818D442}.Debug|x86.Build.0 = Debug|Win32
		{F242D193-4D94-4FEA-B479-F4C7E818D442}.Release|x64.ActiveCfg = Release|x64
		{F242D193-4D94-4FEA-B479-F4C7E818D442}.Release|x64.Build.0 = Release|x64
		{F242D193-4D94-4FEA-B479-F4C7E818D442}.Release|x86.ActiveCfg = Release|Win32
		{F242D193-4D94-4FEA-B479-F4C7E818D442}.Release|x86.Build.0 = Release|Win32
	EndGlobalSection
	GlobalSection(SolutionProperties) = preSolution
		HideSolutionNode = FALSE
	EndGlobalSection
	GlobalSection(ExtensibilityGlobals) = postSolution
		SolutionGuid = {A8882EB9-9564-494F-9201-59BF594A30F4}
	EndGlobalSection
EndGlobal
